{
  "version": 4,
  "terraform_version": "1.14.5",
  "serial": 1,
  "lineage": "04a37690-e32b-08a2-e422-57b569c5e982",
  "outputs": {},
  "resources": [
    {
      "mode": "managed",
      "type": "aws_acm_certificate",
      "name": "cert",
      "provider": "provider[\"registry.terraform.io/hashicorp/aws\"]",
      "instances": [
        {
          "schema_version": 0,
          "attributes": {
            "arn": "arn:aws:acm:us-east-1:768150687367:certificate/2e959eb7-e212-43fb-98d5-a3b3fb59010a",
            "certificate_authority_arn": "",
            "certificate_body": null,
            "certificate_chain": null,
            "domain_name": "apduartte.com.br",
            "domain_validation_options": [
              {
                "domain_name": "apduartte.com.br",
                "resource_record_name": "_00925f274808e34977734e831d2612cc.apduartte.com.br.",
                "resource_record_type": "CNAME",
                "resource_record_value": "_4a7254ac832f73ddd4f16f0c5426cc55.jkddzztszm.acm-validations.aws."
              }
            ],
            "early_renewal_duration": "",
            "id": "arn:aws:acm:us-east-1:768150687367:certificate/2e959eb7-e212-43fb-98d5-a3b3fb59010a",
            "key_algorithm": "RSA_2048",
            "not_after": "",
            "not_before": "",
            "options": [
              {
                "certificate_transparency_logging_preference": "ENABLED",
                "export": "DISABLED"
              }
            ],
            "pending_renewal": false,
            "private_key": null,
            "region": "us-east-1",
            "renewal_eligibility": "INELIGIBLE",
            "renewal_summary": [],
            "status": "PENDING_VALIDATION",
            "subject_alternative_names": [
              "apduartte.com.br"
            ],
            "tags": null,
            "tags_all": {},
            "type": "AMAZON_ISSUED",
            "validation_emails": [],
            "validation_method": "DNS",
            "validation_option": []
          },
          "sensitive_attributes": [
            [
              {
                "type": "get_attr",
                "value": "private_key"
              }
            ]
          ],
          "identity_schema_version": 0,
          "identity": {
            "arn": "arn:aws:acm:us-east-1:768150687367:certificate/2e959eb7-e212-43fb-98d5-a3b3fb59010a"
          },
          "private": "bnVsbA==",
          "create_before_destroy": true
        }
      ]
    }
  ],
  "check_results": null
}
